
Microsoft Visual Studio Solution File, Format Version 12.00
# Visual Studio 15
VisualStudioVersion = 15.0.28307.572
MinimumVisualStudioVersion = 10.0.40219.1
Project("{FAE04EC0-301F-11D3-BF4B-00C04F79EFBC}") = "Instructors.Server", "Instructors.Server\Instructors.Server.csproj", "{3A3AD423-9202-4E32-B2CB-D6B6FA04CD01}"
EndProject
Global
	GlobalSection(SolutionConfigurationPlatforms) = preSolution
		Debug|Any CPU = Debug|Any CPU
		Release|Any CPU = Release|Any CPU
	EndGlobalSection
	GlobalSection(ProjectConfigurationPlatforms) = postSolution
		{3A3AD423-9202-4E32-B2CB-D6B6FA04CD01}.Debug|Any CPU.ActiveCfg = Debug|Any CPU
		{3A3AD423-9202-4E32-B2CB-D6B6FA04CD01}.Debug|Any CPU.Build.0 = Debug|Any CPU
		{3A3AD423-9202-4E32-B2CB-D6B6FA04CD01}.Release|Any CPU.ActiveCfg = Release|Any CPU
		{3A3AD423-9202-4E32-B2CB-D6B6FA04CD01}.Release|Any CPU.Build.0 = Release|Any CPU
	EndGlobalSection
	GlobalSection(SolutionProperties) = preSolution
		HideSolutionNode = FALSE
	EndGlobalSection
	GlobalSection(ExtensibilityGlobals) = postSolution
		SolutionGuid = {BF97C54C-AE25-4D3C-A5C3-208F23FAFF68}
	EndGlobalSection
EndGlobal
